
Microsoft Visual Studio Solution File, Format Version 12.00
# Visual Studio Version 16
VisualStudioVersion = 16.0.31129.286
MinimumVisualStudioVersion = 10.0.40219.1
Project("{FAE04EC0-301F-11D3-BF4B-00C04F79EFBC}") = "ASP.NET Core With Mongo Db", "ASP.NET Core With Mongo Db\ASP.NET Core With Mongo Db.csproj", "{6A8488FD-3850-492C-A813-84323DD40337}"
EndProject
Global
	GlobalSection(SolutionConfigurationPlatforms) = preSolution
		Debug|Any CPU = Debug|Any CPU
		Release|Any CPU = Release|Any CPU
	EndGlobalSection
	GlobalSection(ProjectConfigurationPlatforms) = postSolution
		{6A8488FD-3850-492C-A813-84323DD40337}.Debug|Any CPU.ActiveCfg = Debug|Any CPU
		{6A8488FD-3850-492C-A813-84323DD40337}.Debug|Any CPU.Build.0 = Debug|Any CPU
		{6A8488FD-3850-492C-A813-84323DD40337}.Release|Any CPU.ActiveCfg = Release|Any CPU
		{6A8488FD-3850-492C-A813-84323DD40337}.Release|Any CPU.Build.0 = Release|Any CPU
	EndGlobalSection
	GlobalSection(SolutionProperties) = preSolution
		HideSolutionNode = FALSE
	EndGlobalSection
	GlobalSection(ExtensibilityGlobals) = postSolution
		SolutionGuid = {CBC3F78A-58D6-4483-A2CB-EAD4621ACC25}
	EndGlobalSection
EndGlobal
